# THIS IS AN AUTOGENERATED FILE. DO NOT EDIT THIS FILE DIRECTLY.
# yarn lockfile v1


ui-security@^1.0.0:
  version "1.0.0"
  resolved "https://registry.yarnpkg.com/ui-security/-/ui-security-1.0.0.tgz#fe8ba035b7054c93218bd038b856459a34bb835d"
  integrity sha512-mPGXNrCxMK+nsgNxFIB5MkdvIsOpASEcq9f1iHz8nwyJq/bJ28zipnLrs4cgWUpqy2u+X1ej9FYr6mI6csKXkg==
